
Microsoft Visual Studio Solution File, Format Version 12.00
# Visual Studio Version 17
VisualStudioVersion = 17.4.33205.214
MinimumVisualStudioVersion = 10.0.40219.1
Project("{8BC9CEB8-8B4A-11D0-8D11-00A0C91BC942}") = "Structures", "Structures\Structures.vcxproj", "{4C569118-2E7F-43CB-99FB-AB5BDB21F120}"
EndProject
Global
	GlobalSection(SolutionConfigurationPlatforms) = preSolution
		Debug|x64 = Debug|x64
		Debug|x86 = Debug|x86
		Release|x64 = Release|x64
		Release|x86 = Release|x86
	EndGlobalSection
	GlobalSection(ProjectConfigurationPlatforms) = postSolution
		{4C569118-2E7F-43CB-99FB-AB5BDB21F120}.Debug|x64.ActiveCfg = Debug|x64
		{4C569118-2E7F-43CB-99FB-AB5BDB21F120}.Debug|x64.Build.0 = Debug|x64
		{4C569118-2E7F-43CB-99FB-AB5BDB21F120}.Debug|x86.ActiveCfg = Debug|Win32
		{4C569118-2E7F-43CB-99FB-AB5BDB21F120}.Debug|x86.Build.0 = Debug|Win32
		{4C569118-2E7F-43CB-99FB-AB5BDB21F120}.Release|x64.ActiveCfg = Release|x64
		{4C569118-2E7F-43CB-99FB-AB5BDB21F120}.Release|x64.Build.0 = Release|x64
		{4C569118-2E7F-43CB-99FB-AB5BDB21F120}.Release|x86.ActiveCfg = Release|Win32
		{4C569118-2E7F-43CB-99FB-AB5BDB21F120}.Release|x86.Build.0 = Release|Win32
	EndGlobalSection
	GlobalSection(SolutionProperties) = preSolution
		HideSolutionNode = FALSE
	EndGlobalSection
	GlobalSection(ExtensibilityGlobals) = postSolution
		SolutionGuid = {6CAA79B8-BDCD-43D6-9E57-FD3B757EACA2}
	EndGlobalSection
EndGlobal
